
Microsoft Visual Studio Solution File, Format Version 12.00
# Visual Studio Version 17
VisualStudioVersion = 17.8.34408.163
MinimumVisualStudioVersion = 10.0.40219.1
Project("{FAE04EC0-301F-11D3-BF4B-00C04F79EFBC}") = "BlogDotNetCore.ConsoleApp", "BlogDotNetCore.ConsoleApp\BlogDotNetCore.ConsoleApp.csproj", "{04C76A31-79ED-4455-86D6-A5EF781ABB5B}"
EndProject
Project("{FAE04EC0-301F-11D3-BF4B-00C04F79EFBC}") = "BlogDotNetCore.RestApi", "BlogDotNetCore.RestApi\BlogDotNetCore.RestApi.csproj", "{04F9CA2D-8D61-4B15-9E1D-257FAC284A2D}"
EndProject
Global
	GlobalSection(SolutionConfigurationPlatforms) = preSolution
		Debug|Any CPU = Debug|Any CPU
		Release|Any CPU = Release|Any CPU
	EndGlobalSection
	GlobalSection(ProjectConfigurationPlatforms) = postSolution
		{04C76A31-79ED-4455-86D6-A5EF781ABB5B}.Debug|Any CPU.ActiveCfg = Debug|Any CPU
		{04C76A31-79ED-4455-86D6-A5EF781ABB5B}.Debug|Any CPU.Build.0 = Debug|Any CPU
		{04C76A31-79ED-4455-86D6-A5EF781ABB5B}.Release|Any CPU.ActiveCfg = Release|Any CPU
		{04C76A31-79ED-4455-86D6-A5EF781ABB5B}.Release|Any CPU.Build.0 = Release|Any CPU
		{04F9CA2D-8D61-4B15-9E1D-257FAC284A2D}.Debug|Any CPU.ActiveCfg = Debug|Any CPU
		{04F9CA2D-8D61-4B15-9E1D-257FAC284A2D}.Debug|Any CPU.Build.0 = Debug|Any CPU
		{04F9CA2D-8D61-4B15-9E1D-257FAC284A2D}.Release|Any CPU.ActiveCfg = Release|Any CPU
		{04F9CA2D-8D61-4B15-9E1D-257FAC284A2D}.Release|Any CPU.Build.0 = Release|Any CPU
	EndGlobalSection
	GlobalSection(SolutionProperties) = preSolution
		HideSolutionNode = FALSE
	EndGlobalSection
	GlobalSection(ExtensibilityGlobals) = postSolution
		SolutionGuid = {52335F1F-6B4F-4EC0-9A8E-2C927EE7F9F9}
	EndGlobalSection
EndGlobal
